
Microsoft Visual Studio Solution File, Format Version 12.00
# Visual Studio Version 17
VisualStudioVersion = 17.4.33403.182
MinimumVisualStudioVersion = 10.0.40219.1
Project("{FAE04EC0-301F-11D3-BF4B-00C04F79EFBC}") = "DataManager", "DataManager.csproj", "{1B1CC088-E9DD-4A1F-BD35-CB753D445D0A}"
EndProject
Project("{FAE04EC0-301F-11D3-BF4B-00C04F79EFBC}") = "Tester", "..\Tester\Tester.csproj", "{1BE0CBF0-CCA7-4BF6-A6FB-1BB81DE93485}"
EndProject
Global
	GlobalSection(SolutionConfigurationPlatforms) = preSolution
		Debug|Any CPU = Debug|Any CPU
		Debug|x64 = Debug|x64
		Release|Any CPU = Release|Any CPU
		Release|x64 = Release|x64
	EndGlobalSection
	GlobalSection(ProjectConfigurationPlatforms) = postSolution
		{1B1CC088-E9DD-4A1F-BD35-CB753D445D0A}.Debug|Any CPU.ActiveCfg = Debug|Any CPU
		{1B1CC088-E9DD-4A1F-BD35-CB753D445D0A}.Debug|Any CPU.Build.0 = Debug|Any CPU
		{1B1CC088-E9DD-4A1F-BD35-CB753D445D0A}.Debug|x64.ActiveCfg = Debug|Any CPU
		{1B1CC088-E9DD-4A1F-BD35-CB753D445D0A}.Debug|x64.Build.0 = Debug|Any CPU
		{1B1CC088-E9DD-4A1F-BD35-CB753D445D0A}.Release|Any CPU.ActiveCfg = Release|Any CPU
		{1B1CC088-E9DD-4A1F-BD35-CB753D445D0A}.Release|Any CPU.Build.0 = Release|Any CPU
		{1B1CC088-E9DD-4A1F-BD35-CB753D445D0A}.Release|x64.ActiveCfg = Release|x64
		{1B1CC088-E9DD-4A1F-BD35-CB753D445D0A}.Release|x64.Build.0 = Release|x64
		{1BE0CBF0-CCA7-4BF6-A6FB-1BB81DE93485}.Debug|Any CPU.ActiveCfg = Debug|Any CPU
		{1BE0CBF0-CCA7-4BF6-A6FB-1BB81DE93485}.Debug|Any CPU.Build.0 = Debug|Any CPU
		{1BE0CBF0-CCA7-4BF6-A6FB-1BB81DE93485}.Debug|x64.ActiveCfg = Debug|Any CPU
		{1BE0CBF0-CCA7-4BF6-A6FB-1BB81DE93485}.Debug|x64.Build.0 = Debug|Any CPU
		{1BE0CBF0-CCA7-4BF6-A6FB-1BB81DE93485}.Release|Any CPU.ActiveCfg = Release|Any CPU
		{1BE0CBF0-CCA7-4BF6-A6FB-1BB81DE93485}.Release|Any CPU.Build.0 = Release|Any CPU
		{1BE0CBF0-CCA7-4BF6-A6FB-1BB81DE93485}.Release|x64.ActiveCfg = Release|Any CPU
		{1BE0CBF0-CCA7-4BF6-A6FB-1BB81DE93485}.Release|x64.Build.0 = Release|Any CPU
	EndGlobalSection
	GlobalSection(SolutionProperties) = preSolution
		HideSolutionNode = FALSE
	EndGlobalSection
	GlobalSection(ExtensibilityGlobals) = postSolution
		SolutionGuid = {9BF92C43-1BB6-4CE1-9C5B-3DFBBD125537}
	EndGlobalSection
EndGlobal
